
Microsoft Visual Studio Solution File, Format Version 12.00
# Visual Studio Version 17
VisualStudioVersion = 17.8.34227.203
MinimumVisualStudioVersion = 10.0.40219.1
Project("{FAE04EC0-301F-11D3-BF4B-00C04F79EFBC}") = "5-) Metotlar", "5-) Metotlar.csproj", "{0258EB16-275B-4E96-B403-0AAE38CE818A}"
EndProject
Global
	GlobalSection(SolutionConfigurationPlatforms) = preSolution
		Debug|Any CPU = Debug|Any CPU
		Release|Any CPU = Release|Any CPU
	EndGlobalSection
	GlobalSection(ProjectConfigurationPlatforms) = postSolution
		{0258EB16-275B-4E96-B403-0AAE38CE818A}.Debug|Any CPU.ActiveCfg = Debug|Any CPU
		{0258EB16-275B-4E96-B403-0AAE38CE818A}.Debug|Any CPU.Build.0 = Debug|Any CPU
		{0258EB16-275B-4E96-B403-0AAE38CE818A}.Release|Any CPU.ActiveCfg = Release|Any CPU
		{0258EB16-275B-4E96-B403-0AAE38CE818A}.Release|Any CPU.Build.0 = Release|Any CPU
	EndGlobalSection
	GlobalSection(SolutionProperties) = preSolution
		HideSolutionNode = FALSE
	EndGlobalSection
	GlobalSection(ExtensibilityGlobals) = postSolution
		SolutionGuid = {17B74BCB-F32E-4F30-8580-D0B2347537E9}
	EndGlobalSection
EndGlobal
