
Microsoft Visual Studio Solution File, Format Version 12.00
# Visual Studio Version 17
VisualStudioVersion = 17.8.34219.65
MinimumVisualStudioVersion = 10.0.40219.1
Project("{FAE04EC0-301F-11D3-BF4B-00C04F79EFBC}") = "5-) Döngüler", "5-) Döngüler.csproj", "{FF6D2793-42E3-4993-AD3A-D5BE2AD6413B}"
EndProject
Global
	GlobalSection(SolutionConfigurationPlatforms) = preSolution
		Debug|Any CPU = Debug|Any CPU
		Release|Any CPU = Release|Any CPU
	EndGlobalSection
	GlobalSection(ProjectConfigurationPlatforms) = postSolution
		{FF6D2793-42E3-4993-AD3A-D5BE2AD6413B}.Debug|Any CPU.ActiveCfg = Debug|Any CPU
		{FF6D2793-42E3-4993-AD3A-D5BE2AD6413B}.Debug|Any CPU.Build.0 = Debug|Any CPU
		{FF6D2793-42E3-4993-AD3A-D5BE2AD6413B}.Release|Any CPU.ActiveCfg = Release|Any CPU
		{FF6D2793-42E3-4993-AD3A-D5BE2AD6413B}.Release|Any CPU.Build.0 = Release|Any CPU
	EndGlobalSection
	GlobalSection(SolutionProperties) = preSolution
		HideSolutionNode = FALSE
	EndGlobalSection
	GlobalSection(ExtensibilityGlobals) = postSolution
		SolutionGuid = {F68EBA93-E7B1-49A1-8F02-0A723386F41B}
	EndGlobalSection
EndGlobal
