
Microsoft Visual Studio Solution File, Format Version 12.00
# Visual Studio Version 17
VisualStudioVersion = 17.8.34227.203
MinimumVisualStudioVersion = 10.0.40219.1
Project("{FAE04EC0-301F-11D3-BF4B-00C04F79EFBC}") = "7-) Diziler", "7-) Diziler.csproj", "{A76FDF49-B9A0-4704-81D9-B757ECA482B6}"
EndProject
Global
	GlobalSection(SolutionConfigurationPlatforms) = preSolution
		Debug|Any CPU = Debug|Any CPU
		Release|Any CPU = Release|Any CPU
	EndGlobalSection
	GlobalSection(ProjectConfigurationPlatforms) = postSolution
		{A76FDF49-B9A0-4704-81D9-B757ECA482B6}.Debug|Any CPU.ActiveCfg = Debug|Any CPU
		{A76FDF49-B9A0-4704-81D9-B757ECA482B6}.Debug|Any CPU.Build.0 = Debug|Any CPU
		{A76FDF49-B9A0-4704-81D9-B757ECA482B6}.Release|Any CPU.ActiveCfg = Release|Any CPU
		{A76FDF49-B9A0-4704-81D9-B757ECA482B6}.Release|Any CPU.Build.0 = Release|Any CPU
	EndGlobalSection
	GlobalSection(SolutionProperties) = preSolution
		HideSolutionNode = FALSE
	EndGlobalSection
	GlobalSection(ExtensibilityGlobals) = postSolution
		SolutionGuid = {B26D6B60-E738-4430-AF20-C62B74AA0A0E}
	EndGlobalSection
EndGlobal
