
Microsoft Visual Studio Solution File, Format Version 12.00
# Visual Studio Version 17
VisualStudioVersion = 17.8.34227.203
MinimumVisualStudioVersion = 10.0.40219.1
Project("{FAE04EC0-301F-11D3-BF4B-00C04F79EFBC}") = "7-) Değer  ve Referans Tipleri", "7-) Değer  ve Referans Tipleri.csproj", "{47F97411-268F-45A5-901D-9B0301034796}"
EndProject
Global
	GlobalSection(SolutionConfigurationPlatforms) = preSolution
		Debug|Any CPU = Debug|Any CPU
		Release|Any CPU = Release|Any CPU
	EndGlobalSection
	GlobalSection(ProjectConfigurationPlatforms) = postSolution
		{47F97411-268F-45A5-901D-9B0301034796}.Debug|Any CPU.ActiveCfg = Debug|Any CPU
		{47F97411-268F-45A5-901D-9B0301034796}.Debug|Any CPU.Build.0 = Debug|Any CPU
		{47F97411-268F-45A5-901D-9B0301034796}.Release|Any CPU.ActiveCfg = Release|Any CPU
		{47F97411-268F-45A5-901D-9B0301034796}.Release|Any CPU.Build.0 = Release|Any CPU
	EndGlobalSection
	GlobalSection(SolutionProperties) = preSolution
		HideSolutionNode = FALSE
	EndGlobalSection
	GlobalSection(ExtensibilityGlobals) = postSolution
		SolutionGuid = {3D14F201-A36B-4163-9416-3F38BE8B3CC8}
	EndGlobalSection
EndGlobal
