
Microsoft Visual Studio Solution File, Format Version 12.00
# Visual Studio Version 17
VisualStudioVersion = 17.8.34227.203
MinimumVisualStudioVersion = 10.0.40219.1
Project("{FAE04EC0-301F-11D3-BF4B-00C04F79EFBC}") = "6-) Metotlar 2", "6-) Metotlar 2.csproj", "{38FA0EA1-54FB-4226-85FE-93D61A0CF389}"
EndProject
Global
	GlobalSection(SolutionConfigurationPlatforms) = preSolution
		Debug|Any CPU = Debug|Any CPU
		Release|Any CPU = Release|Any CPU
	EndGlobalSection
	GlobalSection(ProjectConfigurationPlatforms) = postSolution
		{38FA0EA1-54FB-4226-85FE-93D61A0CF389}.Debug|Any CPU.ActiveCfg = Debug|Any CPU
		{38FA0EA1-54FB-4226-85FE-93D61A0CF389}.Debug|Any CPU.Build.0 = Debug|Any CPU
		{38FA0EA1-54FB-4226-85FE-93D61A0CF389}.Release|Any CPU.ActiveCfg = Release|Any CPU
		{38FA0EA1-54FB-4226-85FE-93D61A0CF389}.Release|Any CPU.Build.0 = Release|Any CPU
	EndGlobalSection
	GlobalSection(SolutionProperties) = preSolution
		HideSolutionNode = FALSE
	EndGlobalSection
	GlobalSection(ExtensibilityGlobals) = postSolution
		SolutionGuid = {755CF26B-4A7E-461A-B09F-8CD800B3E669}
	EndGlobalSection
EndGlobal
